
Microsoft Visual Studio Solution File, Format Version 12.00
# Visual Studio Version 17
VisualStudioVersion = 17.0.31919.166
MinimumVisualStudioVersion = 10.0.40219.1
Project("{2150E333-8FDC-42A3-9474-1A3956D46DE8}") = "CQRS-EventSource", "CQRS-EventSource", "{1ABBB0DA-A192-4FA2-B19B-58CBF93F67F4}"
EndProject
Project("{2150E333-8FDC-42A3-9474-1A3956D46DE8}") = "SnappFood-Order", "SnappFood-Order", "{4453A4CD-8273-442F-B5D3-52A419FDC542}"
EndProject
Project("{2150E333-8FDC-42A3-9474-1A3956D46DE8}") = "Order.Command", "Order.Command", "{DAC765DE-729E-4E18-AF96-092EF3AF2121}"
EndProject
Project("{2150E333-8FDC-42A3-9474-1A3956D46DE8}") = "Order.Query", "Order.Query", "{20A7862C-8D21-4811-AA05-81F54FCF6ABC}"
EndProject
Project("{FAE04EC0-301F-11D3-BF4B-00C04F79EFBC}") = "CQRS.Core", "CQRS.Core\CQRS.Core.csproj", "{61DD85E7-FE13-42A2-A471-5B09310ED41F}"
EndProject
Project("{FAE04EC0-301F-11D3-BF4B-00C04F79EFBC}") = "Order.Command.Api", "Order.Command.Api\Order.Command.Api.csproj", "{75BD65F4-0F22-4CF1-BDCD-0221C6BCCE98}"
EndProject
Project("{FAE04EC0-301F-11D3-BF4B-00C04F79EFBC}") = "Order.Command.Domain", "Order.Command.Domain\Order.Command.Domain.csproj", "{9DFE3680-DD7B-4A8D-9E98-15FA51E0AFC2}"
EndProject
Project("{FAE04EC0-301F-11D3-BF4B-00C04F79EFBC}") = "Order.Command.Infrastructure", "Order.Command.Infrastructure\Order.Command.Infrastructure.csproj", "{2C032B7B-BEE5-4D7E-91EA-190EEC3FFA42}"
EndProject
Project("{FAE04EC0-301F-11D3-BF4B-00C04F79EFBC}") = "Order.Query.Api", "Order.Query.Api\Order.Query.Api.csproj", "{DBAFB006-0E6B-4503-8BCC-B7B740F0E163}"
EndProject
Project("{FAE04EC0-301F-11D3-BF4B-00C04F79EFBC}") = "Order.Query.Domain", "Order.Query.Domain\Order.Query.Domain.csproj", "{ED98419B-920E-4EE7-A890-32FB98A70BBA}"
EndProject
Project("{FAE04EC0-301F-11D3-BF4B-00C04F79EFBC}") = "Order.Query.Infrastructure", "Order.Query.Infrastructure\Order.Query.Infrastructure.csproj", "{84273A48-325A-409F-A3D3-7D07DF3D39CE}"
EndProject
Project("{2150E333-8FDC-42A3-9474-1A3956D46DE8}") = "Order.Common", "Order.Common", "{AFBEE27B-303D-4579-B3B9-AFCC3705B247}"
EndProject
Project("{FAE04EC0-301F-11D3-BF4B-00C04F79EFBC}") = "Order.Common", "Order.Common\Order.Common.csproj", "{7C9DE75C-76A7-45D5-B401-F9BDACE5E650}"
EndProject
Global
	GlobalSection(SolutionConfigurationPlatforms) = preSolution
		Debug|Any CPU = Debug|Any CPU
		Release|Any CPU = Release|Any CPU
	EndGlobalSection
	GlobalSection(ProjectConfigurationPlatforms) = postSolution
		{61DD85E7-FE13-42A2-A471-5B09310ED41F}.Debug|Any CPU.ActiveCfg = Debug|Any CPU
		{61DD85E7-FE13-42A2-A471-5B09310ED41F}.Debug|Any CPU.Build.0 = Debug|Any CPU
		{61DD85E7-FE13-42A2-A471-5B09310ED41F}.Release|Any CPU.ActiveCfg = Release|Any CPU
		{61DD85E7-FE13-42A2-A471-5B09310ED41F}.Release|Any CPU.Build.0 = Release|Any CPU
		{75BD65F4-0F22-4CF1-BDCD-0221C6BCCE98}.Debug|Any CPU.ActiveCfg = Debug|Any CPU
		{75BD65F4-0F22-4CF1-BDCD-0221C6BCCE98}.Debug|Any CPU.Build.0 = Debug|Any CPU
		{75BD65F4-0F22-4CF1-BDCD-0221C6BCCE98}.Release|Any CPU.ActiveCfg = Release|Any CPU
		{75BD65F4-0F22-4CF1-BDCD-0221C6BCCE98}.Release|Any CPU.Build.0 = Release|Any CPU
		{9DFE3680-DD7B-4A8D-9E98-15FA51E0AFC2}.Debug|Any CPU.ActiveCfg = Debug|Any CPU
		{9DFE3680-DD7B-4A8D-9E98-15FA51E0AFC2}.Debug|Any CPU.Build.0 = Debug|Any CPU
		{9DFE3680-DD7B-4A8D-9E98-15FA51E0AFC2}.Release|Any CPU.ActiveCfg = Release|Any CPU
		{9DFE3680-DD7B-4A8D-9E98-15FA51E0AFC2}.Release|Any CPU.Build.0 = Release|Any CPU
		{2C032B7B-BEE5-4D7E-91EA-190EEC3FFA42}.Debug|Any CPU.ActiveCfg = Debug|Any CPU
		{2C032B7B-BEE5-4D7E-91EA-190EEC3FFA42}.Debug|Any CPU.Build.0 = Debug|Any CPU
		{2C032B7B-BEE5-4D7E-91EA-190EEC3FFA42}.Release|Any CPU.ActiveCfg = Release|Any CPU
		{2C032B7B-BEE5-4D7E-91EA-190EEC3FFA42}.Release|Any CPU.Build.0 = Release|Any CPU
		{DBAFB006-0E6B-4503-8BCC-B7B740F0E163}.Debug|Any CPU.ActiveCfg = Debug|Any CPU
		{DBAFB006-0E6B-4503-8BCC-B7B740F0E163}.Debug|Any CPU.Build.0 = Debug|Any CPU
		{DBAFB006-0E6B-4503-8BCC-B7B740F0E163}.Release|Any CPU.ActiveCfg = Release|Any CPU
		{DBAFB006-0E6B-4503-8BCC-B7B740F0E163}.Release|Any CPU.Build.0 = Release|Any CPU
		{ED98419B-920E-4EE7-A890-32FB98A70BBA}.Debug|Any CPU.ActiveCfg = Debug|Any CPU
		{ED98419B-920E-4EE7-A890-32FB98A70BBA}.Debug|Any CPU.Build.0 = Debug|Any CPU
		{ED98419B-920E-4EE7-A890-32FB98A70BBA}.Release|Any CPU.ActiveCfg = Release|Any CPU
		{ED98419B-920E-4EE7-A890-32FB98A70BBA}.Release|Any CPU.Build.0 = Release|Any CPU
		{84273A48-325A-409F-A3D3-7D07DF3D39CE}.Debug|Any CPU.ActiveCfg = Debug|Any CPU
		{84273A48-325A-409F-A3D3-7D07DF3D39CE}.Debug|Any CPU.Build.0 = Debug|Any CPU
		{84273A48-325A-409F-A3D3-7D07DF3D39CE}.Release|Any CPU.ActiveCfg = Release|Any CPU
		{84273A48-325A-409F-A3D3-7D07DF3D39CE}.Release|Any CPU.Build.0 = Release|Any CPU
		{7C9DE75C-76A7-45D5-B401-F9BDACE5E650}.Debug|Any CPU.ActiveCfg = Debug|Any CPU
		{7C9DE75C-76A7-45D5-B401-F9BDACE5E650}.Debug|Any CPU.Build.0 = Debug|Any CPU
		{7C9DE75C-76A7-45D5-B401-F9BDACE5E650}.Release|Any CPU.ActiveCfg = Release|Any CPU
		{7C9DE75C-76A7-45D5-B401-F9BDACE5E650}.Release|Any CPU.Build.0 = Release|Any CPU
	EndGlobalSection
	GlobalSection(SolutionProperties) = preSolution
		HideSolutionNode = FALSE
	EndGlobalSection
	GlobalSection(NestedProjects) = preSolution
		{DAC765DE-729E-4E18-AF96-092EF3AF2121} = {4453A4CD-8273-442F-B5D3-52A419FDC542}
		{20A7862C-8D21-4811-AA05-81F54FCF6ABC} = {4453A4CD-8273-442F-B5D3-52A419FDC542}
		{61DD85E7-FE13-42A2-A471-5B09310ED41F} = {1ABBB0DA-A192-4FA2-B19B-58CBF93F67F4}
		{75BD65F4-0F22-4CF1-BDCD-0221C6BCCE98} = {DAC765DE-729E-4E18-AF96-092EF3AF2121}
		{9DFE3680-DD7B-4A8D-9E98-15FA51E0AFC2} = {DAC765DE-729E-4E18-AF96-092EF3AF2121}
		{2C032B7B-BEE5-4D7E-91EA-190EEC3FFA42} = {DAC765DE-729E-4E18-AF96-092EF3AF2121}
		{DBAFB006-0E6B-4503-8BCC-B7B740F0E163} = {20A7862C-8D21-4811-AA05-81F54FCF6ABC}
		{ED98419B-920E-4EE7-A890-32FB98A70BBA} = {20A7862C-8D21-4811-AA05-81F54FCF6ABC}
		{84273A48-325A-409F-A3D3-7D07DF3D39CE} = {20A7862C-8D21-4811-AA05-81F54FCF6ABC}
		{AFBEE27B-303D-4579-B3B9-AFCC3705B247} = {4453A4CD-8273-442F-B5D3-52A419FDC542}
		{7C9DE75C-76A7-45D5-B401-F9BDACE5E650} = {AFBEE27B-303D-4579-B3B9-AFCC3705B247}
	EndGlobalSection
	GlobalSection(ExtensibilityGlobals) = postSolution
		SolutionGuid = {1E916974-7E10-4C75-845A-24B7ADC15C31}
	EndGlobalSection
EndGlobal
